
Microsoft Visual Studio Solution File, Format Version 12.00
# Visual Studio Version 16
VisualStudioVersion = 16.0.31702.278
MinimumVisualStudioVersion = 10.0.40219.1
Project("{FAE04EC0-301F-11D3-BF4B-00C04F79EFBC}") = "hw6_1", "hw6_1\hw6_1.csproj", "{080C5544-CAD6-4433-8801-4FE7C3779572}"
EndProject
Global
	GlobalSection(SolutionConfigurationPlatforms) = preSolution
		Debug|Any CPU = Debug|Any CPU
		Release|Any CPU = Release|Any CPU
	EndGlobalSection
	GlobalSection(ProjectConfigurationPlatforms) = postSolution
		{080C5544-CAD6-4433-8801-4FE7C3779572}.Debug|Any CPU.ActiveCfg = Debug|Any CPU
		{080C5544-CAD6-4433-8801-4FE7C3779572}.Debug|Any CPU.Build.0 = Debug|Any CPU
		{080C5544-CAD6-4433-8801-4FE7C3779572}.Release|Any CPU.ActiveCfg = Release|Any CPU
		{080C5544-CAD6-4433-8801-4FE7C3779572}.Release|Any CPU.Build.0 = Release|Any CPU
	EndGlobalSection
	GlobalSection(SolutionProperties) = preSolution
		HideSolutionNode = FALSE
	EndGlobalSection
	GlobalSection(ExtensibilityGlobals) = postSolution
		SolutionGuid = {73B65E8F-1B73-4A58-90C9-D818BED72908}
	EndGlobalSection
EndGlobal
