
Microsoft Visual Studio Solution File, Format Version 12.00
# Visual Studio Version 16
VisualStudioVersion = 16.0.31702.278
MinimumVisualStudioVersion = 10.0.40219.1
Project("{FAE04EC0-301F-11D3-BF4B-00C04F79EFBC}") = "CipherVigenere", "CipherVigenere\CipherVigenere.csproj", "{03856123-38D1-4037-B64D-B387E8F2AF2D}"
EndProject
Global
	GlobalSection(SolutionConfigurationPlatforms) = preSolution
		Debug|Any CPU = Debug|Any CPU
		Release|Any CPU = Release|Any CPU
	EndGlobalSection
	GlobalSection(ProjectConfigurationPlatforms) = postSolution
		{03856123-38D1-4037-B64D-B387E8F2AF2D}.Debug|Any CPU.ActiveCfg = Debug|Any CPU
		{03856123-38D1-4037-B64D-B387E8F2AF2D}.Debug|Any CPU.Build.0 = Debug|Any CPU
		{03856123-38D1-4037-B64D-B387E8F2AF2D}.Release|Any CPU.ActiveCfg = Release|Any CPU
		{03856123-38D1-4037-B64D-B387E8F2AF2D}.Release|Any CPU.Build.0 = Release|Any CPU
	EndGlobalSection
	GlobalSection(SolutionProperties) = preSolution
		HideSolutionNode = FALSE
	EndGlobalSection
	GlobalSection(ExtensibilityGlobals) = postSolution
		SolutionGuid = {CF27E02B-4A90-4706-8594-D3B18C2C62AC}
	EndGlobalSection
EndGlobal
