
Microsoft Visual Studio Solution File, Format Version 12.00
# Visual Studio Version 16
VisualStudioVersion = 16.0.31702.278
MinimumVisualStudioVersion = 10.0.40219.1
Project("{FAE04EC0-301F-11D3-BF4B-00C04F79EFBC}") = "task8_5", "task8_5\task8_5.csproj", "{C931C12A-4F4F-4F1B-AC3E-8192B9FD66BC}"
EndProject
Global
	GlobalSection(SolutionConfigurationPlatforms) = preSolution
		Debug|Any CPU = Debug|Any CPU
		Release|Any CPU = Release|Any CPU
	EndGlobalSection
	GlobalSection(ProjectConfigurationPlatforms) = postSolution
		{C931C12A-4F4F-4F1B-AC3E-8192B9FD66BC}.Debug|Any CPU.ActiveCfg = Debug|Any CPU
		{C931C12A-4F4F-4F1B-AC3E-8192B9FD66BC}.Debug|Any CPU.Build.0 = Debug|Any CPU
		{C931C12A-4F4F-4F1B-AC3E-8192B9FD66BC}.Release|Any CPU.ActiveCfg = Release|Any CPU
		{C931C12A-4F4F-4F1B-AC3E-8192B9FD66BC}.Release|Any CPU.Build.0 = Release|Any CPU
	EndGlobalSection
	GlobalSection(SolutionProperties) = preSolution
		HideSolutionNode = FALSE
	EndGlobalSection
	GlobalSection(ExtensibilityGlobals) = postSolution
		SolutionGuid = {31D7A3CA-57D4-4D1E-8C96-83F3A5D49D31}
	EndGlobalSection
EndGlobal
