
Microsoft Visual Studio Solution File, Format Version 12.00
# Visual Studio Version 16
VisualStudioVersion = 16.0.31702.278
MinimumVisualStudioVersion = 10.0.40219.1
Project("{FAE04EC0-301F-11D3-BF4B-00C04F79EFBC}") = "task10", "task10\task10.csproj", "{F14E80FF-B37D-4F34-8025-C52275F56652}"
EndProject
Global
	GlobalSection(SolutionConfigurationPlatforms) = preSolution
		Debug|Any CPU = Debug|Any CPU
		Release|Any CPU = Release|Any CPU
	EndGlobalSection
	GlobalSection(ProjectConfigurationPlatforms) = postSolution
		{F14E80FF-B37D-4F34-8025-C52275F56652}.Debug|Any CPU.ActiveCfg = Debug|Any CPU
		{F14E80FF-B37D-4F34-8025-C52275F56652}.Debug|Any CPU.Build.0 = Debug|Any CPU
		{F14E80FF-B37D-4F34-8025-C52275F56652}.Release|Any CPU.ActiveCfg = Release|Any CPU
		{F14E80FF-B37D-4F34-8025-C52275F56652}.Release|Any CPU.Build.0 = Release|Any CPU
	EndGlobalSection
	GlobalSection(SolutionProperties) = preSolution
		HideSolutionNode = FALSE
	EndGlobalSection
	GlobalSection(ExtensibilityGlobals) = postSolution
		SolutionGuid = {F948AC33-E6F3-41A7-A339-6FDEB5D5B309}
	EndGlobalSection
EndGlobal
